// !$*UTF8*$!
{
	archiveVersion = 1;
	classes = {
	};
	objectVersion = 52;
	objects = {

/* Begin PBXBuildFile section */
		465B1F45254A051E000F22A6 /* AppDelegate.swift in Sources */ = {isa = PBXBuildFile; fileRef = 465B1F44254A051E000F22A6 /* AppDelegate.swift */; };
		465B1F47254A051E000F22A6 /* SceneDelegate.swift in Sources */ = {isa = PBXBuildFile; fileRef = 465B1F46254A051E000F22A6 /* SceneDelegate.swift */; };
		465B1F49254A051E000F22A6 /* MovieListViewController.swift in Sources */ = {isa = PBXBuildFile; fileRef = 465B1F48254A051E000F22A6 /* MovieListViewController.swift */; };
		465B1F4C254A051E000F22A6 /* Main.storyboard in Resources */ = {isa = PBXBuildFile; fileRef = 465B1F4A254A051E000F22A6 /* Main.storyboard */; };
		465B1F4E254A051F000F22A6 /* Assets.xcassets in Resources */ = {isa = PBXBuildFile; fileRef = 465B1F4D254A051F000F22A6 /* Assets.xcassets */; };
		465B1F51254A051F000F22A6 /* LaunchScreen.storyboard in Resources */ = {isa = PBXBuildFile; fileRef = 465B1F4F254A051F000F22A6 /* LaunchScreen.storyboard */; };
		465B1F5C254A051F000F22A6 /* TMDBTests.swift in Sources */ = {isa = PBXBuildFile; fileRef = 465B1F5B254A051F000F22A6 /* TMDBTests.swift */; };
		465B1F81254A0FE7000F22A6 /* MovieListTableViewCell.swift in Sources */ = {isa = PBXBuildFile; fileRef = 465B1F80254A0FE7000F22A6 /* MovieListTableViewCell.swift */; };
		465B1F82254A0FE7000F22A6 /* MovieListTableViewCell.swift in Sources */ = {isa = PBXBuildFile; fileRef = 465B1F80254A0FE7000F22A6 /* MovieListTableViewCell.swift */; };
		465B1F83254A0FE7000F22A6 /* MovieListTableViewCell.swift in Sources */ = {isa = PBXBuildFile; fileRef = 465B1F80254A0FE7000F22A6 /* MovieListTableViewCell.swift */; };
		465B1F8A254A0FF0000F22A6 /* MovieListViewController.swift in Sources */ = {isa = PBXBuildFile; fileRef = 465B1F48254A051E000F22A6 /* MovieListViewController.swift */; };
		465B1F8E254A0FF1000F22A6 /* MovieListViewController.swift in Sources */ = {isa = PBXBuildFile; fileRef = 465B1F48254A051E000F22A6 /* MovieListViewController.swift */; };
		465B1F93254A1179000F22A6 /* WebServices.swift in Sources */ = {isa = PBXBuildFile; fileRef = 465B1F92254A1179000F22A6 /* WebServices.swift */; };
		465B1F94254A1179000F22A6 /* WebServices.swift in Sources */ = {isa = PBXBuildFile; fileRef = 465B1F92254A1179000F22A6 /* WebServices.swift */; };
		465B1F95254A1179000F22A6 /* WebServices.swift in Sources */ = {isa = PBXBuildFile; fileRef = 465B1F92254A1179000F22A6 /* WebServices.swift */; };
		465B1F9A254A1429000F22A6 /* Movie.swift in Sources */ = {isa = PBXBuildFile; fileRef = 465B1F99254A1429000F22A6 /* Movie.swift */; };
		465B1F9B254A1429000F22A6 /* Movie.swift in Sources */ = {isa = PBXBuildFile; fileRef = 465B1F99254A1429000F22A6 /* Movie.swift */; };
		465B1F9C254A1429000F22A6 /* Movie.swift in Sources */ = {isa = PBXBuildFile; fileRef = 465B1F99254A1429000F22A6 /* Movie.swift */; };
		465B1FA1254A16D5000F22A6 /* MovieViewModel.swift in Sources */ = {isa = PBXBuildFile; fileRef = 465B1FA0254A16D5000F22A6 /* MovieViewModel.swift */; };
		465B1FA2254A16D5000F22A6 /* MovieViewModel.swift in Sources */ = {isa = PBXBuildFile; fileRef = 465B1FA0254A16D5000F22A6 /* MovieViewModel.swift */; };
		465B1FA3254A16D5000F22A6 /* MovieViewModel.swift in Sources */ = {isa = PBXBuildFile; fileRef = 465B1FA0254A16D5000F22A6 /* MovieViewModel.swift */; };
		465B1FAF254A2295000F22A6 /* SDWebImage in Frameworks */ = {isa = PBXBuildFile; productRef = 465B1FAE254A2295000F22A6 /* SDWebImage */; };
		467CAB80254A8A2900FC26F3 /* Constants.swift in Sources */ = {isa = PBXBuildFile; fileRef = 467CAB7F254A8A2900FC26F3 /* Constants.swift */; };
		467CAB96254A913600FC26F3 /* MovieViewModelTests.swift in Sources */ = {isa = PBXBuildFile; fileRef = 467CAB95254A913600FC26F3 /* MovieViewModelTests.swift */; };
		467CAB9D254A98E600FC26F3 /* Constants.swift in Sources */ = {isa = PBXBuildFile; fileRef = 467CAB7F254A8A2900FC26F3 /* Constants.swift */; };
		467CABA5254A998800FC26F3 /* MovieListViewControllerTest.swift in Sources */ = {isa = PBXBuildFile; fileRef = 467CABA4254A998800FC26F3 /* MovieListViewControllerTest.swift */; };
		467CABAA254A9E6700FC26F3 /* WebserviceTests.swift in Sources */ = {isa = PBXBuildFile; fileRef = 467CABA9254A9E6700FC26F3 /* WebserviceTests.swift */; };
/* End PBXBuildFile section */

/* Begin PBXContainerItemProxy section */
		465B1F58254A051F000F22A6 /* PBXContainerItemProxy */ = {
			isa = PBXContainerItemProxy;
			containerPortal = 465B1F39254A051E000F22A6 /* Project object */;
			proxyType = 1;
			remoteGlobalIDString = 465B1F40254A051E000F22A6;
			remoteInfo = TMDB;
		};
		465B1F63254A051F000F22A6 /* PBXContainerItemProxy */ = {
			isa = PBXContainerItemProxy;
			containerPortal = 465B1F39254A051E000F22A6 /* Project object */;
			proxyType = 1;
			remoteGlobalIDString = 465B1F40254A051E000F22A6;
			remoteInfo = TMDB;
		};
/* End PBXContainerItemProxy section */

/* Begin PBXFileReference section */
		465B1F41254A051E000F22A6 /* TMDB.app */ = {isa = PBXFileReference; explicitFileType = wrapper.application; includeInIndex = 0; path = TMDB.app; sourceTree = BUILT_PRODUCTS_DIR; };
		465B1F44254A051E000F22A6 /* AppDelegate.swift */ = {isa = PBXFileReference; lastKnownFileType = sourcecode.swift; path = AppDelegate.swift; sourceTree = "<group>"; };
		465B1F46254A051E000F22A6 /* SceneDelegate.swift */ = {isa = PBXFileReference; lastKnownFileType = sourcecode.swift; path = SceneDelegate.swift; sourceTree = "<group>"; };
		465B1F48254A051E000F22A6 /* MovieListViewController.swift */ = {isa = PBXFileReference; lastKnownFileType = sourcecode.swift; path = MovieListViewController.swift; sourceTree = "<group>"; };
		465B1F4B254A051E000F22A6 /* Base */ = {isa = PBXFileReference; lastKnownFileType = file.storyboard; name = Base; path = Base.lproj/Main.storyboard; sourceTree = "<group>"; };
		465B1F4D254A051F000F22A6 /* Assets.xcassets */ = {isa = PBXFileReference; lastKnownFileType = folder.assetcatalog; path = Assets.xcassets; sourceTree = "<group>"; };
		465B1F50254A051F000F22A6 /* Base */ = {isa = PBXFileReference; lastKnownFileType = file.storyboard; name = Base; path = Base.lproj/LaunchScreen.storyboard; sourceTree = "<group>"; };
		465B1F52254A051F000F22A6 /* Info.plist */ = {isa = PBXFileReference; lastKnownFileType = text.plist.xml; path = Info.plist; sourceTree = "<group>"; };
		465B1F57254A051F000F22A6 /* TMDBTests.xctest */ = {isa = PBXFileReference; explicitFileType = wrapper.cfbundle; includeInIndex = 0; path = TMDBTests.xctest; sourceTree = BUILT_PRODUCTS_DIR; };
		465B1F5B254A051F000F22A6 /* TMDBTests.swift */ = {isa = PBXFileReference; lastKnownFileType = sourcecode.swift; path = TMDBTests.swift; sourceTree = "<group>"; };
		465B1F5D254A051F000F22A6 /* Info.plist */ = {isa = PBXFileReference; lastKnownFileType = text.plist.xml; path = Info.plist; sourceTree = "<group>"; };
		465B1F62254A051F000F22A6 /* TMDBUITests.xctest */ = {isa = PBXFileReference; explicitFileType = wrapper.cfbundle; includeInIndex = 0; path = TMDBUITests.xctest; sourceTree = BUILT_PRODUCTS_DIR; };
		465B1F68254A051F000F22A6 /* Info.plist */ = {isa = PBXFileReference; lastKnownFileType = text.plist.xml; path = Info.plist; sourceTree = "<group>"; };
		465B1F80254A0FE7000F22A6 /* MovieListTableViewCell.swift */ = {isa = PBXFileReference; lastKnownFileType = sourcecode.swift; path = MovieListTableViewCell.swift; sourceTree = "<group>"; };
		465B1F92254A1179000F22A6 /* WebServices.swift */ = {isa = PBXFileReference; lastKnownFileType = sourcecode.swift; path = WebServices.swift; sourceTree = "<group>"; };
		465B1F99254A1429000F22A6 /* Movie.swift */ = {isa = PBXFileReference; lastKnownFileType = sourcecode.swift; path = Movie.swift; sourceTree = "<group>"; };
		465B1FA0254A16D5000F22A6 /* MovieViewModel.swift */ = {isa = PBXFileReference; lastKnownFileType = sourcecode.swift; path = MovieViewModel.swift; sourceTree = "<group>"; };
		467CAB7F254A8A2900FC26F3 /* Constants.swift */ = {isa = PBXFileReference; lastKnownFileType = sourcecode.swift; path = Constants.swift; sourceTree = "<group>"; };
		467CAB95254A913600FC26F3 /* MovieViewModelTests.swift */ = {isa = PBXFileReference; lastKnownFileType = sourcecode.swift; path = MovieViewModelTests.swift; sourceTree = "<group>"; };
		467CABA4254A998800FC26F3 /* MovieListViewControllerTest.swift */ = {isa = PBXFileReference; lastKnownFileType = sourcecode.swift; path = MovieListViewControllerTest.swift; sourceTree = "<group>"; };
		467CABA9254A9E6700FC26F3 /* WebserviceTests.swift */ = {isa = PBXFileReference; lastKnownFileType = sourcecode.swift; path = WebserviceTests.swift; sourceTree = "<group>"; };
/* End PBXFileReference section */

/* Begin PBXFrameworksBuildPhase section */
		465B1F3E254A051E000F22A6 /* Frameworks */ = {
			isa = PBXFrameworksBuildPhase;
			buildActionMask = 2147483647;
			files = (
				465B1FAF254A2295000F22A6 /* SDWebImage in Frameworks */,
			);
			runOnlyForDeploymentPostprocessing = 0;
		};
		465B1F54254A051F000F22A6 /* Frameworks */ = {
			isa = PBXFrameworksBuildPhase;
			buildActionMask = 2147483647;
			files = (
			);
			runOnlyForDeploymentPostprocessing = 0;
		};
		465B1F5F254A051F000F22A6 /* Frameworks */ = {
			isa = PBXFrameworksBuildPhase;
			buildActionMask = 2147483647;
			files = (
			);
			runOnlyForDeploymentPostprocessing = 0;
		};
/* End PBXFrameworksBuildPhase section */

/* Begin PBXGroup section */
		465B1F38254A051E000F22A6 = {
			isa = PBXGroup;
			children = (
				465B1F43254A051E000F22A6 /* TMDB */,
				465B1F5A254A051F000F22A6 /* TMDBTests */,
				465B1F65254A051F000F22A6 /* TMDBUITests */,
				465B1F42254A051E000F22A6 /* Products */,
			);
			sourceTree = "<group>";
		};
		465B1F42254A051E000F22A6 /* Products */ = {
			isa = PBXGroup;
			children = (
				465B1F41254A051E000F22A6 /* TMDB.app */,
				465B1F57254A051F000F22A6 /* TMDBTests.xctest */,
				465B1F62254A051F000F22A6 /* TMDBUITests.xctest */,
			);
			name = Products;
			sourceTree = "<group>";
		};
		465B1F43254A051E000F22A6 /* TMDB */ = {
			isa = PBXGroup;
			children = (
				467CAB7E254A8A1B00FC26F3 /* Constants */,
				465B1F7E254A0FA7000F22A6 /* Models */,
				465B1F7D254A0F9D000F22A6 /* View Models */,
				465B1F7C254A0F91000F22A6 /* Services */,
				465B1F7B254A0F86000F22A6 /* Cells */,
				465B1F7A254A0F79000F22A6 /* Controllers */,
				465B1F44254A051E000F22A6 /* AppDelegate.swift */,
				465B1F46254A051E000F22A6 /* SceneDelegate.swift */,
				465B1F4A254A051E000F22A6 /* Main.storyboard */,
				465B1F4D254A051F000F22A6 /* Assets.xcassets */,
				465B1F4F254A051F000F22A6 /* LaunchScreen.storyboard */,
				465B1F52254A051F000F22A6 /* Info.plist */,
			);
			path = TMDB;
			sourceTree = "<group>";
		};
		465B1F5A254A051F000F22A6 /* TMDBTests */ = {
			isa = PBXGroup;
			children = (
				465B1F5B254A051F000F22A6 /* TMDBTests.swift */,
				465B1F5D254A051F000F22A6 /* Info.plist */,
				467CAB95254A913600FC26F3 /* MovieViewModelTests.swift */,
				467CABA9254A9E6700FC26F3 /* WebserviceTests.swift */,
			);
			path = TMDBTests;
			sourceTree = "<group>";
		};
		465B1F65254A051F000F22A6 /* TMDBUITests */ = {
			isa = PBXGroup;
			children = (
				465B1F68254A051F000F22A6 /* Info.plist */,
				467CABA4254A998800FC26F3 /* MovieListViewControllerTest.swift */,
			);
			path = TMDBUITests;
			sourceTree = "<group>";
		};
		465B1F7A254A0F79000F22A6 /* Controllers */ = {
			isa = PBXGroup;
			children = (
				465B1F48254A051E000F22A6 /* MovieListViewController.swift */,
			);
			path = Controllers;
			sourceTree = "<group>";
		};
		465B1F7B254A0F86000F22A6 /* Cells */ = {
			isa = PBXGroup;
			children = (
				465B1F80254A0FE7000F22A6 /* MovieListTableViewCell.swift */,
			);
			path = Cells;
			sourceTree = "<group>";
		};
		465B1F7C254A0F91000F22A6 /* Services */ = {
			isa = PBXGroup;
			children = (
				465B1F92254A1179000F22A6 /* WebServices.swift */,
			);
			path = Services;
			sourceTree = "<group>";
		};
		465B1F7D254A0F9D000F22A6 /* View Models */ = {
			isa = PBXGroup;
			children = (
				465B1FA0254A16D5000F22A6 /* MovieViewModel.swift */,
			);
			path = "View Models";
			sourceTree = "<group>";
		};
		465B1F7E254A0FA7000F22A6 /* Models */ = {
			isa = PBXGroup;
			children = (
				465B1F99254A1429000F22A6 /* Movie.swift */,
			);
			path = Models;
			sourceTree = "<group>";
		};
		467CAB7E254A8A1B00FC26F3 /* Constants */ = {
			isa = PBXGroup;
			children = (
				467CAB7F254A8A2900FC26F3 /* Constants.swift */,
			);
			path = Constants;
			sourceTree = "<group>";
		};
/* End PBXGroup section */

/* Begin PBXNativeTarget section */
		465B1F40254A051E000F22A6 /* TMDB */ = {
			isa = PBXNativeTarget;
			buildConfigurationList = 465B1F6B254A051F000F22A6 /* Build configuration list for PBXNativeTarget "TMDB" */;
			buildPhases = (
				465B1F3D254A051E000F22A6 /* Sources */,
				465B1F3E254A051E000F22A6 /* Frameworks */,
				465B1F3F254A051E000F22A6 /* Resources */,
			);
			buildRules = (
			);
			dependencies = (
			);
			name = TMDB;
			packageProductDependencies = (
				465B1FAE254A2295000F22A6 /* SDWebImage */,
			);
			productName = TMDB;
			productReference = 465B1F41254A051E000F22A6 /* TMDB.app */;
			productType = "com.apple.product-type.application";
		};
		465B1F56254A051F000F22A6 /* TMDBTests */ = {
			isa = PBXNativeTarget;
			buildConfigurationList = 465B1F6E254A051F000F22A6 /* Build configuration list for PBXNativeTarget "TMDBTests" */;
			buildPhases = (
				465B1F53254A051F000F22A6 /* Sources */,
				465B1F54254A051F000F22A6 /* Frameworks */,
				465B1F55254A051F000F22A6 /* Resources */,
			);
			buildRules = (
			);
			dependencies = (
				465B1F59254A051F000F22A6 /* PBXTargetDependency */,
			);
			name = TMDBTests;
			productName = TMDBTests;
			productReference = 465B1F57254A051F000F22A6 /* TMDBTests.xctest */;
			productType = "com.apple.product-type.bundle.unit-test";
		};
		465B1F61254A051F000F22A6 /* TMDBUITests */ = {
			isa = PBXNativeTarget;
			buildConfigurationList = 465B1F71254A051F000F22A6 /* Build configuration list for PBXNativeTarget "TMDBUITests" */;
			buildPhases = (
				465B1F5E254A051F000F22A6 /* Sources */,
				465B1F5F254A051F000F22A6 /* Frameworks */,
				465B1F60254A051F000F22A6 /* Resources */,
			);
			buildRules = (
			);
			dependencies = (
				465B1F64254A051F000F22A6 /* PBXTargetDependency */,
			);
			name = TMDBUITests;
			productName = TMDBUITests;
			productReference = 465B1F62254A051F000F22A6 /* TMDBUITests.xctest */;
			productType = "com.apple.product-type.bundle.ui-testing";
		};
/* End PBXNativeTarget section */

/* Begin PBXProject section */
		465B1F39254A051E000F22A6 /* Project object */ = {
			isa = PBXProject;
			attributes = {
				LastSwiftUpdateCheck = 1200;
				LastUpgradeCheck = 1200;
				TargetAttributes = {
					465B1F40254A051E000F22A6 = {
						CreatedOnToolsVersion = 12.0;
					};
					465B1F56254A051F000F22A6 = {
						CreatedOnToolsVersion = 12.0;
						TestTargetID = 465B1F40254A051E000F22A6;
					};
					465B1F61254A051F000F22A6 = {
						CreatedOnToolsVersion = 12.0;
						TestTargetID = 465B1F40254A051E000F22A6;
					};
				};
			};
			buildConfigurationList = 465B1F3C254A051E000F22A6 /* Build configuration list for PBXProject "TMDB" */;
			compatibilityVersion = "Xcode 9.3";
			developmentRegion = en;
			hasScannedForEncodings = 0;
			knownRegions = (
				en,
				Base,
			);
			mainGroup = 465B1F38254A051E000F22A6;
			packageReferences = (
				465B1FAD254A2295000F22A6 /* XCRemoteSwiftPackageReference "SDWebImage" */,
			);
			productRefGroup = 465B1F42254A051E000F22A6 /* Products */;
			projectDirPath = "";
			projectRoot = "";
			targets = (
				465B1F40254A051E000F22A6 /* TMDB */,
				465B1F56254A051F000F22A6 /* TMDBTests */,
				465B1F61254A051F000F22A6 /* TMDBUITests */,
			);
		};
/* End PBXProject section */

/* Begin PBXResourcesBuildPhase section */
		465B1F3F254A051E000F22A6 /* Resources */ = {
			isa = PBXResourcesBuildPhase;
			buildActionMask = 2147483647;
			files = (
				465B1F51254A051F000F22A6 /* LaunchScreen.storyboard in Resources */,
				465B1F4E254A051F000F22A6 /* Assets.xcassets in Resources */,
				465B1F4C254A051E000F22A6 /* Main.storyboard in Resources */,
			);
			runOnlyForDeploymentPostprocessing = 0;
		};
		465B1F55254A051F000F22A6 /* Resources */ = {
			isa = PBXResourcesBuildPhase;
			buildActionMask = 2147483647;
			files = (
			);
			runOnlyForDeploymentPostprocessing = 0;
		};
		465B1F60254A051F000F22A6 /* Resources */ = {
			isa = PBXResourcesBuildPhase;
			buildActionMask = 2147483647;
			files = (
			);
			runOnlyForDeploymentPostprocessing = 0;
		};
/* End PBXResourcesBuildPhase section */

/* Begin PBXSourcesBuildPhase section */
		465B1F3D254A051E000F22A6 /* Sources */ = {
			isa = PBXSourcesBuildPhase;
			buildActionMask = 2147483647;
			files = (
				465B1F49254A051E000F22A6 /* MovieListViewController.swift in Sources */,
				465B1F93254A1179000F22A6 /* WebServices.swift in Sources */,
				465B1F9A254A1429000F22A6 /* Movie.swift in Sources */,
				465B1F45254A051E000F22A6 /* AppDelegate.swift in Sources */,
				465B1FA1254A16D5000F22A6 /* MovieViewModel.swift in Sources */,
				465B1F81254A0FE7000F22A6 /* MovieListTableViewCell.swift in Sources */,
				465B1F47254A051E000F22A6 /* SceneDelegate.swift in Sources */,
				467CAB80254A8A2900FC26F3 /* Constants.swift in Sources */,
			);
			runOnlyForDeploymentPostprocessing = 0;
		};
		465B1F53254A051F000F22A6 /* Sources */ = {
			isa = PBXSourcesBuildPhase;
			buildActionMask = 2147483647;
			files = (
				467CABAA254A9E6700FC26F3 /* WebserviceTests.swift in Sources */,
				465B1F9B254A1429000F22A6 /* Movie.swift in Sources */,
				465B1FA2254A16D5000F22A6 /* MovieViewModel.swift in Sources */,
				465B1F8A254A0FF0000F22A6 /* MovieListViewController.swift in Sources */,
				465B1F82254A0FE7000F22A6 /* MovieListTableViewCell.swift in Sources */,
				465B1F94254A1179000F22A6 /* WebServices.swift in Sources */,
				465B1F5C254A051F000F22A6 /* TMDBTests.swift in Sources */,
				467CAB96254A913600FC26F3 /* MovieViewModelTests.swift in Sources */,
				467CAB9D254A98E600FC26F3 /* Constants.swift in Sources */,
			);
			runOnlyForDeploymentPostprocessing = 0;
		};
		465B1F5E254A051F000F22A6 /* Sources */ = {
			isa = PBXSourcesBuildPhase;
			buildActionMask = 2147483647;
			files = (
				465B1F9C254A1429000F22A6 /* Movie.swift in Sources */,
				467CABA5254A998800FC26F3 /* MovieListViewControllerTest.swift in Sources */,
				465B1FA3254A16D5000F22A6 /* MovieViewModel.swift in Sources */,
				465B1F8E254A0FF1000F22A6 /* MovieListViewController.swift in Sources */,
				465B1F83254A0FE7000F22A6 /* MovieListTableViewCell.swift in Sources */,
				465B1F95254A1179000F22A6 /* WebServices.swift in Sources */,
			);
			runOnlyForDeploymentPostprocessing = 0;
		};
/* End PBXSourcesBuildPhase section */

/* Begin PBXTargetDependency section */
		465B1F59254A051F000F22A6 /* PBXTargetDependency */ = {
			isa = PBXTargetDependency;
			target = 465B1F40254A051E000F22A6 /* TMDB */;
			targetProxy = 465B1F58254A051F000F22A6 /* PBXContainerItemProxy */;
		};
		465B1F64254A051F000F22A6 /* PBXTargetDependency */ = {
			isa = PBXTargetDependency;
			target = 465B1F40254A051E000F22A6 /* TMDB */;
			targetProxy = 465B1F63254A051F000F22A6 /* PBXContainerItemProxy */;
		};
/* End PBXTargetDependency section */

/* Begin PBXVariantGroup section */
		465B1F4A254A051E000F22A6 /* Main.storyboard */ = {
			isa = PBXVariantGroup;
			children = (
				465B1F4B254A051E000F22A6 /* Base */,
			);
			name = Main.storyboard;
			sourceTree = "<group>";
		};
		465B1F4F254A051F000F22A6 /* LaunchScreen.storyboard */ = {
			isa = PBXVariantGroup;
			children = (
				465B1F50254A051F000F22A6 /* Base */,
			);
			name = LaunchScreen.storyboard;
			sourceTree = "<group>";
		};
/* End PBXVariantGroup section */

/* Begin XCBuildConfiguration section */
		465B1F69254A051F000F22A6 /* Debug */ = {
			isa = XCBuildConfiguration;
			buildSettings = {
				ALWAYS_SEARCH_USER_PATHS = NO;
				CLANG_ANALYZER_NONNULL = YES;
				CLANG_ANALYZER_NUMBER_OBJECT_CONVERSION = YES_AGGRESSIVE;
				CLANG_CXX_LANGUAGE_STANDARD = "gnu++14";
				CLANG_CXX_LIBRARY = "libc++";
				CLANG_ENABLE_MODULES = YES;
				CLANG_ENABLE_OBJC_ARC = YES;
				CLANG_ENABLE_OBJC_WEAK = YES;
				CLANG_WARN_BLOCK_CAPTURE_AUTORELEASING = YES;
				CLANG_WARN_BOOL_CONVERSION = YES;
				CLANG_WARN_COMMA = YES;
				CLANG_WARN_CONSTANT_CONVERSION = YES;
				CLANG_WARN_DEPRECATED_OBJC_IMPLEMENTATIONS = YES;
				CLANG_WARN_DIRECT_OBJC_ISA_USAGE = YES_ERROR;
				CLANG_WARN_DOCUMENTATION_COMMENTS = YES;
				CLANG_WARN_EMPTY_BODY = YES;
				CLANG_WARN_ENUM_CONVERSION = YES;
				CLANG_WARN_INFINITE_RECURSION = YES;
				CLANG_WARN_INT_CONVERSION = YES;
				CLANG_WARN_NON_LITERAL_NULL_CONVERSION = YES;
				CLANG_WARN_OBJC_IMPLICIT_RETAIN_SELF = YES;
				CLANG_WARN_OBJC_LITERAL_CONVERSION = YES;
				CLANG_WARN_OBJC_ROOT_CLASS = YES_ERROR;
				CLANG_WARN_QUOTED_INCLUDE_IN_FRAMEWORK_HEADER = YES;
				CLANG_WARN_RANGE_LOOP_ANALYSIS = YES;
				CLANG_WARN_STRICT_PROTOTYPES = YES;
				CLANG_WARN_SUSPICIOUS_MOVE = YES;
				CLANG_WARN_UNGUARDED_AVAILABILITY = YES_AGGRESSIVE;
				CLANG_WARN_UNREACHABLE_CODE = YES;
				CLANG_WARN__DUPLICATE_METHOD_MATCH = YES;
				COPY_PHASE_STRIP = NO;
				DEBUG_INFORMATION_FORMAT = dwarf;
				ENABLE_STRICT_OBJC_MSGSEND = YES;
				ENABLE_TESTABILITY = YES;
				GCC_C_LANGUAGE_STANDARD = gnu11;
				GCC_DYNAMIC_NO_PIC = NO;
				GCC_NO_COMMON_BLOCKS = YES;
				GCC_OPTIMIZATION_LEVEL = 0;
				GCC_PREPROCESSOR_DEFINITIONS = (
					"DEBUG=1",
					"$(inherited)",
				);
				GCC_WARN_64_TO_32_BIT_CONVERSION = YES;
				GCC_WARN_ABOUT_RETURN_TYPE = YES_ERROR;
				GCC_WARN_UNDECLARED_SELECTOR = YES;
				GCC_WARN_UNINITIALIZED_AUTOS = YES_AGGRESSIVE;
				GCC_WARN_UNUSED_FUNCTION = YES;
				GCC_WARN_UNUSED_VARIABLE = YES;
				IPHONEOS_DEPLOYMENT_TARGET = 14.0;
				MTL_ENABLE_DEBUG_INFO = INCLUDE_SOURCE;
				MTL_FAST_MATH = YES;
				ONLY_ACTIVE_ARCH = YES;
				SDKROOT = iphoneos;
				SWIFT_ACTIVE_COMPILATION_CONDITIONS = DEBUG;
				SWIFT_OPTIMIZATION_LEVEL = "-Onone";
			};
			name = Debug;
		};
		465B1F6A254A051F000F22A6 /* Release */ = {
			isa = XCBuildConfiguration;
			buildSettings = {
				ALWAYS_SEARCH_USER_PATHS = NO;
				CLANG_ANALYZER_NONNULL = YES;
				CLANG_ANALYZER_NUMBER_OBJECT_CONVERSION = YES_AGGRESSIVE;
				CLANG_CXX_LANGUAGE_STANDARD = "gnu++14";
				CLANG_CXX_LIBRARY = "libc++";
				CLANG_ENABLE_MODULES = YES;
				CLANG_ENABLE_OBJC_ARC = YES;
				CLANG_ENABLE_OBJC_WEAK = YES;
				CLANG_WARN_BLOCK_CAPTURE_AUTORELEASING = YES;
				CLANG_WARN_BOOL_CONVERSION = YES;
				CLANG_WARN_COMMA = YES;
				CLANG_WARN_CONSTANT_CONVERSION = YES;
				CLANG_WARN_DEPRECATED_OBJC_IMPLEMENTATIONS = YES;
				CLANG_WARN_DIRECT_OBJC_ISA_USAGE = YES_ERROR;
				CLANG_WARN_DOCUMENTATION_COMMENTS = YES;
				CLANG_WARN_EMPTY_BODY = YES;
				CLANG_WARN_ENUM_CONVERSION = YES;
				CLANG_WARN_INFINITE_RECURSION = YES;
				CLANG_WARN_INT_CONVERSION = YES;
				CLANG_WARN_NON_LITERAL_NULL_CONVERSION = YES;
				CLANG_WARN_OBJC_IMPLICIT_RETAIN_SELF = YES;
				CLANG_WARN_OBJC_LITERAL_CONVERSION = YES;
				CLANG_WARN_OBJC_ROOT_CLASS = YES_ERROR;
				CLANG_WARN_QUOTED_INCLUDE_IN_FRAMEWORK_HEADER = YES;
				CLANG_WARN_RANGE_LOOP_ANALYSIS = YES;
				CLANG_WARN_STRICT_PROTOTYPES = YES;
				CLANG_WARN_SUSPICIOUS_MOVE = YES;
				CLANG_WARN_UNGUARDED_AVAILABILITY = YES_AGGRESSIVE;
				CLANG_WARN_UNREACHABLE_CODE = YES;
				CLANG_WARN__DUPLICATE_METHOD_MATCH = YES;
				COPY_PHASE_STRIP = NO;
				DEBUG_INFORMATION_FORMAT = "dwarf-with-dsym";
				ENABLE_NS_ASSERTIONS = NO;
				ENABLE_STRICT_OBJC_MSGSEND = YES;
				GCC_C_LANGUAGE_STANDARD = gnu11;
				GCC_NO_COMMON_BLOCKS = YES;
				GCC_WARN_64_TO_32_BIT_CONVERSION = YES;
				GCC_WARN_ABOUT_RETURN_TYPE = YES_ERROR;
				GCC_WARN_UNDECLARED_SELECTOR = YES;
				GCC_WARN_UNINITIALIZED_AUTOS = YES_AGGRESSIVE;
				GCC_WARN_UNUSED_FUNCTION = YES;
				GCC_WARN_UNUSED_VARIABLE = YES;
				IPHONEOS_DEPLOYMENT_TARGET = 14.0;
				MTL_ENABLE_DEBUG_INFO = NO;
				MTL_FAST_MATH = YES;
				SDKROOT = iphoneos;
				SWIFT_COMPILATION_MODE = wholemodule;
				SWIFT_OPTIMIZATION_LEVEL = "-O";
				VALIDATE_PRODUCT = YES;
			};
			name = Release;
		};
		465B1F6C254A051F000F22A6 /* Debug */ = {
			isa = XCBuildConfiguration;
			buildSettings = {
				ASSETCATALOG_COMPILER_APPICON_NAME = AppIcon;
				ASSETCATALOG_COMPILER_GLOBAL_ACCENT_COLOR_NAME = AccentColor;
				CODE_SIGN_STYLE = Automatic;
				DEVELOPMENT_TEAM = 88J55AD2K3;
				INFOPLIST_FILE = TMDB/Info.plist;
				LD_RUNPATH_SEARCH_PATHS = (
					"$(inherited)",
					"@executable_path/Frameworks",
				);
				PRODUCT_BUNDLE_IDENTIFIER = apm.TMDB;
				PRODUCT_NAME = "$(TARGET_NAME)";
				SWIFT_VERSION = 5.0;
				TARGETED_DEVICE_FAMILY = "1,2";
			};
			name = Debug;
		};
		465B1F6D254A051F000F22A6 /* Release */ = {
			isa = XCBuildConfiguration;
			buildSettings = {
				ASSETCATALOG_COMPILER_APPICON_NAME = AppIcon;
				ASSETCATALOG_COMPILER_GLOBAL_ACCENT_COLOR_NAME = AccentColor;
				CODE_SIGN_STYLE = Automatic;
				DEVELOPMENT_TEAM = 88J55AD2K3;
				INFOPLIST_FILE = TMDB/Info.plist;
				LD_RUNPATH_SEARCH_PATHS = (
					"$(inherited)",
					"@executable_path/Frameworks",
				);
				PRODUCT_BUNDLE_IDENTIFIER = apm.TMDB;
				PRODUCT_NAME = "$(TARGET_NAME)";
				SWIFT_VERSION = 5.0;
				TARGETED_DEVICE_FAMILY = "1,2";
			};
			name = Release;
		};
		465B1F6F254A051F000F22A6 /* Debug */ = {
			isa = XCBuildConfiguration;
			buildSettings = {
				ALWAYS_EMBED_SWIFT_STANDARD_LIBRARIES = YES;
				BUNDLE_LOADER = "$(TEST_HOST)";
				CODE_SIGN_STYLE = Automatic;
				DEVELOPMENT_TEAM = 88J55AD2K3;
				INFOPLIST_FILE = TMDBTests/Info.plist;
				IPHONEOS_DEPLOYMENT_TARGET = 14.0;
				LD_RUNPATH_SEARCH_PATHS = (
					"$(inherited)",
					"@executable_path/Frameworks",
					"@loader_path/Frameworks",
				);
				PRODUCT_BUNDLE_IDENTIFIER = apm.TMDBTests;
				PRODUCT_NAME = "$(TARGET_NAME)";
				SWIFT_VERSION = 5.0;
				TARGETED_DEVICE_FAMILY = "1,2";
				TEST_HOST = "$(BUILT_PRODUCTS_DIR)/TMDB.app/TMDB";
			};
			name = Debug;
		};
		465B1F70254A051F000F22A6 /* Release */ = {
			isa = XCBuildConfiguration;
			buildSettings = {
				ALWAYS_EMBED_SWIFT_STANDARD_LIBRARIES = YES;
				BUNDLE_LOADER = "$(TEST_HOST)";
				CODE_SIGN_STYLE = Automatic;
				DEVELOPMENT_TEAM = 88J55AD2K3;
				INFOPLIST_FILE = TMDBTests/Info.plist;
				IPHONEOS_DEPLOYMENT_TARGET = 14.0;
				LD_RUNPATH_SEARCH_PATHS = (
					"$(inherited)",
					"@executable_path/Frameworks",
					"@loader_path/Frameworks",
				);
				PRODUCT_BUNDLE_IDENTIFIER = apm.TMDBTests;
				PRODUCT_NAME = "$(TARGET_NAME)";
				SWIFT_VERSION = 5.0;
				TARGETED_DEVICE_FAMILY = "1,2";
				TEST_HOST = "$(BUILT_PRODUCTS_DIR)/TMDB.app/TMDB";
			};
			name = Release;
		};
		465B1F72254A051F000F22A6 /* Debug */ = {
			isa = XCBuildConfiguration;
			buildSettings = {
				ALWAYS_EMBED_SWIFT_STANDARD_LIBRARIES = YES;
				CODE_SIGN_STYLE = Automatic;
				DEVELOPMENT_TEAM = 88J55AD2K3;
				INFOPLIST_FILE = TMDBUITests/Info.plist;
				LD_RUNPATH_SEARCH_PATHS = (
					"$(inherited)",
					"@executable_path/Frameworks",
					"@loader_path/Frameworks",
				);
				PRODUCT_BUNDLE_IDENTIFIER = apm.TMDBUITests;
				PRODUCT_NAME = "$(TARGET_NAME)";
				SWIFT_VERSION = 5.0;
				TARGETED_DEVICE_FAMILY = "1,2";
				TEST_TARGET_NAME = TMDB;
			};
			name = Debug;
		};
		465B1F73254A051F000F22A6 /* Release */ = {
			isa = XCBuildConfiguration;
			buildSettings = {
				ALWAYS_EMBED_SWIFT_STANDARD_LIBRARIES = YES;
				CODE_SIGN_STYLE = Automatic;
				DEVELOPMENT_TEAM = 88J55AD2K3;
				INFOPLIST_FILE = TMDBUITests/Info.plist;
				LD_RUNPATH_SEARCH_PATHS = (
					"$(inherited)",
					"@executable_path/Frameworks",
					"@loader_path/Frameworks",
				);
				PRODUCT_BUNDLE_IDENTIFIER = apm.TMDBUITests;
				PRODUCT_NAME = "$(TARGET_NAME)";
				SWIFT_VERSION = 5.0;
				TARGETED_DEVICE_FAMILY = "1,2";
				TEST_TARGET_NAME = TMDB;
			};
			name = Release;
		};
/* End XCBuildConfiguration section */

/* Begin XCConfigurationList section */
		465B1F3C254A051E000F22A6 /* Build configuration list for PBXProject "TMDB" */ = {
			isa = XCConfigurationList;
			buildConfigurations = (
				465B1F69254A051F000F22A6 /* Debug */,
				465B1F6A254A051F000F22A6 /* Release */,
			);
			defaultConfigurationIsVisible = 0;
			defaultConfigurationName = Release;
		};
		465B1F6B254A051F000F22A6 /* Build configuration list for PBXNativeTarget "TMDB" */ = {
			isa = XCConfigurationList;
			buildConfigurations = (
				465B1F6C254A051F000F22A6 /* Debug */,
				465B1F6D254A051F000F22A6 /* Release */,
			);
			defaultConfigurationIsVisible = 0;
			defaultConfigurationName = Release;
		};
		465B1F6E254A051F000F22A6 /* Build configuration list for PBXNativeTarget "TMDBTests" */ = {
			isa = XCConfigurationList;
			buildConfigurations = (
				465B1F6F254A051F000F22A6 /* Debug */,
				465B1F70254A051F000F22A6 /* Release */,
			);
			defaultConfigurationIsVisible = 0;
			defaultConfigurationName = Release;
		};
		465B1F71254A051F000F22A6 /* Build configuration list for PBXNativeTarget "TMDBUITests" */ = {
			isa = XCConfigurationList;
			buildConfigurations = (
				465B1F72254A051F000F22A6 /* Debug */,
				465B1F73254A051F000F22A6 /* Release */,
			);
			defaultConfigurationIsVisible = 0;
			defaultConfigurationName = Release;
		};
/* End XCConfigurationList section */

/* Begin XCRemoteSwiftPackageReference section */
		465B1FAD254A2295000F22A6 /* XCRemoteSwiftPackageReference "SDWebImage" */ = {
			isa = XCRemoteSwiftPackageReference;
			repositoryURL = "https://github.com/SDWebImage/SDWebImage.git";
			requirement = {
				kind = upToNextMajorVersion;
				minimumVersion = 5.9.4;
			};
		};
/* End XCRemoteSwiftPackageReference section */

/* Begin XCSwiftPackageProductDependency section */
		465B1FAE254A2295000F22A6 /* SDWebImage */ = {
			isa = XCSwiftPackageProductDependency;
			package = 465B1FAD254A2295000F22A6 /* XCRemoteSwiftPackageReference "SDWebImage" */;
			productName = SDWebImage;
		};
/* End XCSwiftPackageProductDependency section */
	};
	rootObject = 465B1F39254A051E000F22A6 /* Project object */;
}
